
Microsoft Visual Studio Solution File, Format Version 12.00
# Visual Studio Version 17
VisualStudioVersion = 17.9.34723.18
MinimumVisualStudioVersion = 10.0.40219.1
Project("{FAE04EC0-301F-11D3-BF4B-00C04F79EFBC}") = "CDMGenerator", "CDMGenerator\CDMGenerator.csproj", "{D6A61F40-540F-486F-9D06-2029A85894B6}"
EndProject
Project("{FAE04EC0-301F-11D3-BF4B-00C04F79EFBC}") = "CDMGeneratorTests", "CDMGeneratorTests\CDMGeneratorTests.csproj", "{B8BEE371-5B0E-4DE0-BA55-6A2B94F167E8}"
EndProject
Global
	GlobalSection(SolutionConfigurationPlatforms) = preSolution
		Debug|Any CPU = Debug|Any CPU
		Release|Any CPU = Release|Any CPU
	EndGlobalSection
	GlobalSection(ProjectConfigurationPlatforms) = postSolution
		{D6A61F40-540F-486F-9D06-2029A85894B6}.Debug|Any CPU.ActiveCfg = Debug|Any CPU
		{D6A61F40-540F-486F-9D06-2029A85894B6}.Debug|Any CPU.Build.0 = Debug|Any CPU
		{D6A61F40-540F-486F-9D06-2029A85894B6}.Release|Any CPU.ActiveCfg = Release|Any CPU
		{D6A61F40-540F-486F-9D06-2029A85894B6}.Release|Any CPU.Build.0 = Release|Any CPU
		{B8BEE371-5B0E-4DE0-BA55-6A2B94F167E8}.Debug|Any CPU.ActiveCfg = Debug|Any CPU
		{B8BEE371-5B0E-4DE0-BA55-6A2B94F167E8}.Debug|Any CPU.Build.0 = Debug|Any CPU
		{B8BEE371-5B0E-4DE0-BA55-6A2B94F167E8}.Release|Any CPU.ActiveCfg = Release|Any CPU
		{B8BEE371-5B0E-4DE0-BA55-6A2B94F167E8}.Release|Any CPU.Build.0 = Release|Any CPU
	EndGlobalSection
	GlobalSection(SolutionProperties) = preSolution
		HideSolutionNode = FALSE
	EndGlobalSection
	GlobalSection(ExtensibilityGlobals) = postSolution
		SolutionGuid = {925CC426-523E-4C28-BFE7-19ECADF065DD}
	EndGlobalSection
EndGlobal
